{
    "_readme": [
        "This file locks the dependencies of your project to a known state",
        "Read more about it at http://getcomposer.org/doc/01-basic-usage.md#composer-lock-the-lock-file"
    ],
    "hash": "7b7dd1f45a8195a0f8ba5554548a4436",
    "packages": [
        {
            "name": "symfony/http-foundation",
            "version": "dev-master",
            "target-dir": "Symfony/Component/HttpFoundation",
            "source": {
                "type": "git",
                "url": "https://github.com/symfony/HttpFoundation.git",
                "reference": "b4f4f9f42f7cbbf3796dd724ed66f455a160c89f"
            },
            "dist": {
                "type": "zip",
                "url": "https://api.github.com/repos/symfony/HttpFoundation/zipball/b4f4f9f42f7cbbf3796dd724ed66f455a160c89f",
                "reference": "b4f4f9f42f7cbbf3796dd724ed66f455a160c89f",
                "shasum": ""
            },
            "require": {
                "php": ">=5.3.3"
            },
            "type": "library",
            "extra": {
                "branch-alias": {
                    "dev-master": "2.4-dev"
                }
            },
            "autoload": {
                "psr-0": {
                    "Symfony\\Component\\HttpFoundation\\": ""
                },
                "classmap": [
                    "Symfony/Component/HttpFoundation/Resources/stubs"
                ]
            },
            "notification-url": "https://packagist.org/downloads/",
            "license": [
                "MIT"
            ],
            "authors": [
                {
                    "name": "Fabien Potencier",
                    "email": "fabien@symfony.com"
                },
                {
                    "name": "Symfony Community",
                    "homepage": "http://symfony.com/contributors"
                }
            ],
            "description": "Symfony HttpFoundation Component",
            "homepage": "http://symfony.com",
            "time": "2013-10-30 08:33:58"
        },
        {
            "name": "symfony/yaml",
            "version": "dev-master",
            "target-dir": "Symfony/Component/Yaml",
            "source": {
                "type": "git",
                "url": "https://github.com/symfony/Yaml.git",
                "reference": "1f7cabb841e62ec49615bd965ac780fd994b3f64"
            },
            "dist": {
                "type": "zip",
                "url": "https://api.github.com/repos/symfony/Yaml/zipball/1f7cabb841e62ec49615bd965ac780fd994b3f64",
                "reference": "1f7cabb841e62ec49615bd965ac780fd994b3f64",
                "shasum": ""
            },
            "require": {
                "php": ">=5.3.3"
            },
            "type": "library",
            "extra": {
                "branch-alias": {
                    "dev-master": "2.4-dev"
                }
            },
            "autoload": {
                "psr-0": {
                    "Symfony\\Component\\Yaml\\": ""
                }
            },
            "notification-url": "https://packagist.org/downloads/",
            "license": [
                "MIT"
            ],
            "authors": [
                {
                    "name": "Fabien Potencier",
                    "email": "fabien@symfony.com"
                },
                {
                    "name": "Symfony Community",
                    "homepage": "http://symfony.com/contributors"
                }
            ],
            "description": "Symfony Yaml Component",
            "homepage": "http://symfony.com",
            "time": "2013-10-17 11:48:11"
        },
        {
            "name": "willdurand/geocoder",
            "version": "dev-master",
            "source": {
                "type": "git",
                "url": "https://github.com/geocoder-php/Geocoder.git",
                "reference": "e0f9f9228f8b60e28733cca1bd05ea014186736d"
            },
            "dist": {
                "type": "zip",
                "url": "https://api.github.com/repos/geocoder-php/Geocoder/zipball/e0f9f9228f8b60e28733cca1bd05ea014186736d",
                "reference": "e0f9f9228f8b60e28733cca1bd05ea014186736d",
                "shasum": ""
            },
            "require": {
                "php": ">=5.3.0"
            },
            "require-dev": {
                "geoip/geoip": "~1.13",
                "guzzle/guzzle": "@stable",
                "kriswallsmith/buzz": "@stable",
                "zendframework/zend-http": "~2.1"
            },
            "suggest": {
                "ext-curl": "Enabling the curl extension allows you to use the CurlHttpAdapter.",
                "ext-geoip": "Enabling the geoip extension allows you to use the MaxMindProvider.",
                "geoip/geoip": "If you are going to use the MaxMindBinaryProvider (conflict with geoip extension).",
                "guzzle/guzzle": "Enabling Guzzle allows you to use the GuzzleHttpAdapter.",
                "kriswallsmith/buzz": "Enabling Buzz allows you to use the BuzzHttpAdapter.",
                "zendframework/zend-http": "Enabling Zend Http allows you to use the ZendHttpAdapter."
            },
            "type": "library",
            "extra": {
                "branch-alias": {
                    "dev-master": "2.3-dev"
                }
            },
            "autoload": {
                "psr-0": {
                    "Geocoder": "src/"
                }
            },
            "notification-url": "https://packagist.org/downloads/",
            "license": [
                "MIT"
            ],
            "authors": [
                {
                    "name": "William Durand",
                    "email": "william.durand1@gmail.com",
                    "homepage": "http://www.willdurand.fr"
                }
            ],
            "description": "The almost missing Geocoder PHP 5.3 library.",
            "homepage": "http://geocoder-php.org",
            "keywords": [
                "abstraction",
                "geocoder",
                "geocoding",
                "geoip"
            ],
            "time": "2013-10-22 13:12:00"
        }
    ],
    "packages-dev": [
        {
            "name": "phpspec/php-diff",
            "version": "v1.0.1",
            "source": {
                "type": "git",
                "url": "https://github.com/phpspec/php-diff.git",
                "reference": "8d82ac415225fac373a4073ba14b1fe286aa2312"
            },
            "dist": {
                "type": "zip",
                "url": "https://api.github.com/repos/phpspec/php-diff/zipball/8d82ac415225fac373a4073ba14b1fe286aa2312",
                "reference": "8d82ac415225fac373a4073ba14b1fe286aa2312",
                "shasum": ""
            },
            "type": "library",
            "autoload": {
                "psr-0": {
                    "Diff": "lib/"
                }
            },
            "notification-url": "https://packagist.org/downloads/",
            "license": [
                "BSD-3-Clause"
            ],
            "authors": [
                {
                    "name": "Chris Boulton",
                    "homepage": "http://github.com/chrisboulton"
                }
            ],
            "description": "A comprehensive library for generating differences between two hashable objects (strings or arrays).",
            "time": "2012-11-08 08:55:45"
        },
        {
            "name": "phpspec/phpspec",
            "version": "dev-master",
            "source": {
                "type": "git",
                "url": "https://github.com/phpspec/phpspec.git",
                "reference": "ce8b573e1c0a9a31bc40e8005683ba8117ca1a32"
            },
            "dist": {
                "type": "zip",
                "url": "https://api.github.com/repos/phpspec/phpspec/zipball/ce8b573e1c0a9a31bc40e8005683ba8117ca1a32",
                "reference": "ce8b573e1c0a9a31bc40e8005683ba8117ca1a32",
                "shasum": ""
            },
            "require": {
                "php": ">=5.3.3",
                "phpspec/php-diff": "~1.0.0",
                "phpspec/prophecy": "~1.0.2",
                "symfony/console": "~2.1",
                "symfony/event-dispatcher": "~2.1",
                "symfony/finder": "~2.1",
                "symfony/yaml": "~2.1"
            },
            "suggest": {
                "whatthejeff/nyancat-scoreboard": "~1.1 – Enables the Nyan Cat formatter"
            },
            "bin": [
                "bin/phpspec"
            ],
            "type": "library",
            "extra": {
                "branch-alias": {
                    "dev-master": "2.0.x-dev"
                }
            },
            "autoload": {
                "psr-0": {
                    "PhpSpec": "src/"
                }
            },
            "notification-url": "https://packagist.org/downloads/",
            "license": [
                "MIT"
            ],
            "authors": [
                {
                    "name": "Konstantin Kudryashov",
                    "email": "ever.zet@gmail.com",
                    "homepage": "http://everzet.com"
                },
                {
                    "name": "Marcello Duarte",
                    "homepage": "http://marcelloduarte.net/"
                }
            ],
            "description": "Specification-oriented BDD framework for PHP 5.3+",
            "homepage": "http://phpspec.net/",
            "keywords": [
                "BDD",
                "SpecBDD",
                "TDD",
                "spec",
                "specification",
                "testing",
                "tests"
            ],
            "time": "2013-10-21 19:22:09"
        },
        {
            "name": "phpspec/prophecy",
            "version": "dev-master",
            "source": {
                "type": "git",
                "url": "https://github.com/phpspec/prophecy.git",
                "reference": "b024785173490e8ec090c6c07aaefaa237d42e8f"
            },
            "dist": {
                "type": "zip",
                "url": "https://api.github.com/repos/phpspec/prophecy/zipball/b024785173490e8ec090c6c07aaefaa237d42e8f",
                "reference": "b024785173490e8ec090c6c07aaefaa237d42e8f",
                "shasum": ""
            },
            "require-dev": {
                "phpspec/phpspec": "2.0.*"
            },
            "type": "library",
            "extra": {
                "branch-alias": {
                    "dev-master": "1.0.x-dev"
                }
            },
            "autoload": {
                "psr-0": {
                    "Prophecy\\": "src/"
                }
            },
            "notification-url": "https://packagist.org/downloads/",
            "license": [
                "MIT"
            ],
            "authors": [
                {
                    "name": "Konstantin Kudryashov",
                    "email": "ever.zet@gmail.com",
                    "homepage": "http://everzet.com"
                },
                {
                    "name": "Marcello Duarte",
                    "email": "marcello.duarte@gmail.com"
                }
            ],
            "description": "Highly opinionated mocking framework for PHP 5.3+",
            "homepage": "http://phpspec.org",
            "keywords": [
                "Double",
                "Dummy",
                "fake",
                "mock",
                "spy",
                "stub"
            ],
            "time": "2013-10-09 23:22:09"
        },
        {
            "name": "symfony/console",
            "version": "dev-master",
            "target-dir": "Symfony/Component/Console",
            "source": {
                "type": "git",
                "url": "https://github.com/symfony/Console.git",
                "reference": "92cdb410d68c7b6ccb6eb38ad0ffe4e2d1cd9a2c"
            },
            "dist": {
                "type": "zip",
                "url": "https://api.github.com/repos/symfony/Console/zipball/92cdb410d68c7b6ccb6eb38ad0ffe4e2d1cd9a2c",
                "reference": "92cdb410d68c7b6ccb6eb38ad0ffe4e2d1cd9a2c",
                "shasum": ""
            },
            "require": {
                "php": ">=5.3.3"
            },
            "require-dev": {
                "symfony/event-dispatcher": "~2.1"
            },
            "suggest": {
                "symfony/event-dispatcher": ""
            },
            "type": "library",
            "extra": {
                "branch-alias": {
                    "dev-master": "2.4-dev"
                }
            },
            "autoload": {
                "psr-0": {
                    "Symfony\\Component\\Console\\": ""
                }
            },
            "notification-url": "https://packagist.org/downloads/",
            "license": [
                "MIT"
            ],
            "authors": [
                {
                    "name": "Fabien Potencier",
                    "email": "fabien@symfony.com"
                },
                {
                    "name": "Symfony Community",
                    "homepage": "http://symfony.com/contributors"
                }
            ],
            "description": "Symfony Console Component",
            "homepage": "http://symfony.com",
            "time": "2013-10-31 16:40:24"
        },
        {
            "name": "symfony/event-dispatcher",
            "version": "dev-master",
            "target-dir": "Symfony/Component/EventDispatcher",
            "source": {
                "type": "git",
                "url": "https://github.com/symfony/EventDispatcher.git",
                "reference": "d51d78b34c1d9dcc384ba48155105fe99284dd67"
            },
            "dist": {
                "type": "zip",
                "url": "https://api.github.com/repos/symfony/EventDispatcher/zipball/d51d78b34c1d9dcc384ba48155105fe99284dd67",
                "reference": "d51d78b34c1d9dcc384ba48155105fe99284dd67",
                "shasum": ""
            },
            "require": {
                "php": ">=5.3.3"
            },
            "require-dev": {
                "symfony/dependency-injection": "~2.0"
            },
            "suggest": {
                "symfony/dependency-injection": "",
                "symfony/http-kernel": ""
            },
            "type": "library",
            "extra": {
                "branch-alias": {
                    "dev-master": "2.4-dev"
                }
            },
            "autoload": {
                "psr-0": {
                    "Symfony\\Component\\EventDispatcher\\": ""
                }
            },
            "notification-url": "https://packagist.org/downloads/",
            "license": [
                "MIT"
            ],
            "authors": [
                {
                    "name": "Fabien Potencier",
                    "email": "fabien@symfony.com"
                },
                {
                    "name": "Symfony Community",
                    "homepage": "http://symfony.com/contributors"
                }
            ],
            "description": "Symfony EventDispatcher Component",
            "homepage": "http://symfony.com",
            "time": "2013-10-17 11:48:11"
        },
        {
            "name": "symfony/finder",
            "version": "dev-master",
            "target-dir": "Symfony/Component/Finder",
            "source": {
                "type": "git",
                "url": "https://github.com/symfony/Finder.git",
                "reference": "e2ce3164ab58b4d54612e630571f158035ee8603"
            },
            "dist": {
                "type": "zip",
                "url": "https://api.github.com/repos/symfony/Finder/zipball/e2ce3164ab58b4d54612e630571f158035ee8603",
                "reference": "e2ce3164ab58b4d54612e630571f158035ee8603",
                "shasum": ""
            },
            "require": {
                "php": ">=5.3.3"
            },
            "type": "library",
            "extra": {
                "branch-alias": {
                    "dev-master": "2.4-dev"
                }
            },
            "autoload": {
                "psr-0": {
                    "Symfony\\Component\\Finder\\": ""
                }
            },
            "notification-url": "https://packagist.org/downloads/",
            "license": [
                "MIT"
            ],
            "authors": [
                {
                    "name": "Fabien Potencier",
                    "email": "fabien@symfony.com"
                },
                {
                    "name": "Symfony Community",
                    "homepage": "http://symfony.com/contributors"
                }
            ],
            "description": "Symfony Finder Component",
            "homepage": "http://symfony.com",
            "time": "2013-09-19 09:47:34"
        }
    ],
    "aliases": [

    ],
    "minimum-stability": "dev",
    "stability-flags": {
        "phpspec/phpspec": 20
    },
    "platform": [

    ],
    "platform-dev": [

    ]
}
